
Microsoft Visual Studio Solution File, Format Version 12.00
# Visual Studio Version 17
VisualStudioVersion = 17.13.35825.156
MinimumVisualStudioVersion = 10.0.40219.1
Project("{FAE04EC0-301F-11D3-BF4B-00C04F79EFBC}") = "JustManagmentAPI.Web", "JustManagmentAPI.Web\JustManagmentAPI.Web.csproj", "{6655715D-6253-4002-BA92-CF9EBCA73E26}"
EndProject
Project("{FAE04EC0-301F-11D3-BF4B-00C04F79EFBC}") = "JustManagmentAPI.Core", "JustManagmentAPI.Core\JustManagmentAPI.Core.csproj", "{76C3C534-0254-4A41-AB17-88AFEB1DA5A6}"
EndProject
Project("{FAE04EC0-301F-11D3-BF4B-00C04F79EFBC}") = "JustManagmentAPI.Infrastructure", "JustManagmentAPI.Infrastructure\JustManagmentAPI.Infrastructure.csproj", "{DAAA67A8-DC97-4283-8B02-DA4121CAE54C}"
EndProject
Global
	GlobalSection(SolutionConfigurationPlatforms) = preSolution
		Debug|Any CPU = Debug|Any CPU
		Release|Any CPU = Release|Any CPU
	EndGlobalSection
	GlobalSection(ProjectConfigurationPlatforms) = postSolution
		{6655715D-6253-4002-BA92-CF9EBCA73E26}.Debug|Any CPU.ActiveCfg = Debug|Any CPU
		{6655715D-6253-4002-BA92-CF9EBCA73E26}.Debug|Any CPU.Build.0 = Debug|Any CPU
		{6655715D-6253-4002-BA92-CF9EBCA73E26}.Release|Any CPU.ActiveCfg = Release|Any CPU
		{6655715D-6253-4002-BA92-CF9EBCA73E26}.Release|Any CPU.Build.0 = Release|Any CPU
		{76C3C534-0254-4A41-AB17-88AFEB1DA5A6}.Debug|Any CPU.ActiveCfg = Debug|Any CPU
		{76C3C534-0254-4A41-AB17-88AFEB1DA5A6}.Debug|Any CPU.Build.0 = Debug|Any CPU
		{76C3C534-0254-4A41-AB17-88AFEB1DA5A6}.Release|Any CPU.ActiveCfg = Release|Any CPU
		{76C3C534-0254-4A41-AB17-88AFEB1DA5A6}.Release|Any CPU.Build.0 = Release|Any CPU
		{DAAA67A8-DC97-4283-8B02-DA4121CAE54C}.Debug|Any CPU.ActiveCfg = Debug|Any CPU
		{DAAA67A8-DC97-4283-8B02-DA4121CAE54C}.Debug|Any CPU.Build.0 = Debug|Any CPU
		{DAAA67A8-DC97-4283-8B02-DA4121CAE54C}.Release|Any CPU.ActiveCfg = Release|Any CPU
		{DAAA67A8-DC97-4283-8B02-DA4121CAE54C}.Release|Any CPU.Build.0 = Release|Any CPU
	EndGlobalSection
	GlobalSection(SolutionProperties) = preSolution
		HideSolutionNode = FALSE
	EndGlobalSection
	GlobalSection(ExtensibilityGlobals) = postSolution
		SolutionGuid = {C9C23BB2-4F44-4B23-A396-04820A57E6DE}
	EndGlobalSection
EndGlobal
